
Microsoft Visual Studio Solution File, Format Version 12.00
# Visual Studio Version 17
VisualStudioVersion = 17.8.34525.116
MinimumVisualStudioVersion = 10.0.40219.1
Project("{FAE04EC0-301F-11D3-BF4B-00C04F79EFBC}") = "Workaround", "Workaround\Workaround.csproj", "{EA6D74F2-35F2-4161-8587-FA546EC3EEA3}"
EndProject
Project("{FAE04EC0-301F-11D3-BF4B-00C04F79EFBC}") = "Entities", "Entities\Entities.csproj", "{3F77C074-C4B5-452F-9098-1FC5FF99CD8A}"
EndProject
Project("{FAE04EC0-301F-11D3-BF4B-00C04F79EFBC}") = "Business", "Business\Business.csproj", "{0F89F3DF-86BA-4D61-B3BE-51A2CE80360D}"
EndProject
Global
	GlobalSection(SolutionConfigurationPlatforms) = preSolution
		Debug|Any CPU = Debug|Any CPU
		Release|Any CPU = Release|Any CPU
	EndGlobalSection
	GlobalSection(ProjectConfigurationPlatforms) = postSolution
		{EA6D74F2-35F2-4161-8587-FA546EC3EEA3}.Debug|Any CPU.ActiveCfg = Debug|Any CPU
		{EA6D74F2-35F2-4161-8587-FA546EC3EEA3}.Debug|Any CPU.Build.0 = Debug|Any CPU
		{EA6D74F2-35F2-4161-8587-FA546EC3EEA3}.Release|Any CPU.ActiveCfg = Release|Any CPU
		{EA6D74F2-35F2-4161-8587-FA546EC3EEA3}.Release|Any CPU.Build.0 = Release|Any CPU
		{3F77C074-C4B5-452F-9098-1FC5FF99CD8A}.Debug|Any CPU.ActiveCfg = Debug|Any CPU
		{3F77C074-C4B5-452F-9098-1FC5FF99CD8A}.Debug|Any CPU.Build.0 = Debug|Any CPU
		{3F77C074-C4B5-452F-9098-1FC5FF99CD8A}.Release|Any CPU.ActiveCfg = Release|Any CPU
		{3F77C074-C4B5-452F-9098-1FC5FF99CD8A}.Release|Any CPU.Build.0 = Release|Any CPU
		{0F89F3DF-86BA-4D61-B3BE-51A2CE80360D}.Debug|Any CPU.ActiveCfg = Debug|Any CPU
		{0F89F3DF-86BA-4D61-B3BE-51A2CE80360D}.Debug|Any CPU.Build.0 = Debug|Any CPU
		{0F89F3DF-86BA-4D61-B3BE-51A2CE80360D}.Release|Any CPU.ActiveCfg = Release|Any CPU
		{0F89F3DF-86BA-4D61-B3BE-51A2CE80360D}.Release|Any CPU.Build.0 = Release|Any CPU
	EndGlobalSection
	GlobalSection(SolutionProperties) = preSolution
		HideSolutionNode = FALSE
	EndGlobalSection
	GlobalSection(ExtensibilityGlobals) = postSolution
		SolutionGuid = {39C68857-7635-4A9B-93BF-36179A12619A}
	EndGlobalSection
EndGlobal
